
Microsoft Visual Studio Solution File, Format Version 12.00
Project("{FAE04EC0-301F-11D3-BF4B-00C04F79EFBC}") = "StudentAndTeacherTest", "StudentAndTeacherTest\StudentAndTeacherTest.csproj", "{6EE40114-852E-4E9C-B345-1C9E1EBB6186}"
EndProject
Global
	GlobalSection(SolutionConfigurationPlatforms) = preSolution
		Debug|Any CPU = Debug|Any CPU
		Release|Any CPU = Release|Any CPU
	EndGlobalSection
	GlobalSection(ProjectConfigurationPlatforms) = postSolution
		{6EE40114-852E-4E9C-B345-1C9E1EBB6186}.Debug|Any CPU.ActiveCfg = Debug|Any CPU
		{6EE40114-852E-4E9C-B345-1C9E1EBB6186}.Debug|Any CPU.Build.0 = Debug|Any CPU
		{6EE40114-852E-4E9C-B345-1C9E1EBB6186}.Release|Any CPU.ActiveCfg = Release|Any CPU
		{6EE40114-852E-4E9C-B345-1C9E1EBB6186}.Release|Any CPU.Build.0 = Release|Any CPU
	EndGlobalSection
EndGlobal
